
Microsoft Visual Studio Solution File, Format Version 12.00
# Visual Studio Version 16
VisualStudioVersion = 16.0.29215.179
MinimumVisualStudioVersion = 10.0.40219.1
Project("{FAE04EC0-301F-11D3-BF4B-00C04F79EFBC}") = "ShowcasePlugin", "ShowcasePlugin\ShowcasePlugin.csproj", "{F1EE5C81-DDD3-4998-B3CB-CB65129F0729}"
EndProject
Global
	GlobalSection(SolutionConfigurationPlatforms) = preSolution
		Debug|Any CPU = Debug|Any CPU
		Release|Any CPU = Release|Any CPU
	EndGlobalSection
	GlobalSection(ProjectConfigurationPlatforms) = postSolution
		{F1EE5C81-DDD3-4998-B3CB-CB65129F0729}.Debug|Any CPU.ActiveCfg = Debug|Any CPU
		{F1EE5C81-DDD3-4998-B3CB-CB65129F0729}.Debug|Any CPU.Build.0 = Debug|Any CPU
		{F1EE5C81-DDD3-4998-B3CB-CB65129F0729}.Release|Any CPU.ActiveCfg = Release|Any CPU
		{F1EE5C81-DDD3-4998-B3CB-CB65129F0729}.Release|Any CPU.Build.0 = Release|Any CPU
	EndGlobalSection
	GlobalSection(SolutionProperties) = preSolution
		HideSolutionNode = FALSE
	EndGlobalSection
	GlobalSection(ExtensibilityGlobals) = postSolution
		SolutionGuid = {F6C9D1A6-44E1-491A-9AD8-98D2DB347A16}
	EndGlobalSection
EndGlobal
